// !$*UTF8*$!
{
	archiveVersion = 1;
	classes = {
	};
	objectVersion = 54;
	objects = {

/* Begin PBXBuildFile section */
		280065C32BD94BCD003A520D /* Auth0.plist in Resources */ = {isa = PBXBuildFile; fileRef = 280065C22BD94BCD003A520D /* Auth0.plist */; };
		280065C52BD962E1003A520D /* Auth0TokenProvider.swift in Sources */ = {isa = PBXBuildFile; fileRef = 280065C42BD962E1003A520D /* Auth0TokenProvider.swift */; };
		281EE3892C4B101400750B72 /* LaunchScreen.storyboard in Resources */ = {isa = PBXBuildFile; fileRef = 281EE3872C4B101400750B72 /* LaunchScreen.storyboard */; };
		281F052A2CC2E3FB002772D4 /* Auth0 in Frameworks */ = {isa = PBXBuildFile; productRef = 281F05292CC2E3FB002772D4 /* Auth0 */; };
		281F052C2CC2F292002772D4 /* AnyCardsGameHandle.swift in Sources */ = {isa = PBXBuildFile; fileRef = 281F052B2CC2F292002772D4 /* AnyCardsGameHandle.swift */; };
		281F052E2CC2FA26002772D4 /* AnyCardsSetup.swift in Sources */ = {isa = PBXBuildFile; fileRef = 281F052D2CC2FA26002772D4 /* AnyCardsSetup.swift */; };
		286629AE2CD9609800D10656 /* CBORCoding in Frameworks */ = {isa = PBXBuildFile; productRef = 286629AD2CD9609800D10656 /* CBORCoding */; };
		286629B02CDA619B00D10656 /* SetupControls.swift in Sources */ = {isa = PBXBuildFile; fileRef = 286629AF2CDA619B00D10656 /* SetupControls.swift */; };
		286629B22CDEAB6100D10656 /* DealDialog.swift in Sources */ = {isa = PBXBuildFile; fileRef = 286629B12CDEAB6100D10656 /* DealDialog.swift */; };
		28D17EFB2CE39D9100CDFBFF /* SavedSetupsView.swift in Sources */ = {isa = PBXBuildFile; fileRef = 28D17EFA2CE39D9100CDFBFF /* SavedSetupsView.swift */; };
		28E25B792CE79FB0005BF16E /* AuerbachLook in Frameworks */ = {isa = PBXBuildFile; productRef = 28E25B782CE79FB0005BF16E /* AuerbachLook */; };
		28E25B7C2CE79FD9005BF16E /* unigame in Frameworks */ = {isa = PBXBuildFile; productRef = 28E25B7B2CE79FD9005BF16E /* unigame */; };
		28E25B7F2CF22AAA005BF16E /* AppDelegate.swift in Sources */ = {isa = PBXBuildFile; fileRef = 28E25B7E2CF22AAA005BF16E /* AppDelegate.swift */; };
		28E25B812CF260E2005BF16E /* GridBoxMenu.swift in Sources */ = {isa = PBXBuildFile; fileRef = 28E25B802CF260E2005BF16E /* GridBoxMenu.swift */; };
		28F991C92CC2BFF600C87791 /* AnyCardsApp.swift in Sources */ = {isa = PBXBuildFile; fileRef = 28F991C82CC2BFF600C87791 /* AnyCardsApp.swift */; };
		28FE44842CC53A5100477C74 /* PlayingSurface.swift in Sources */ = {isa = PBXBuildFile; fileRef = 28FE44832CC53A5100477C74 /* PlayingSurface.swift */; };
		28FE44862CC53CD200477C74 /* AnyCardsPlaying.swift in Sources */ = {isa = PBXBuildFile; fileRef = 28FE44852CC53CD200477C74 /* AnyCardsPlaying.swift */; };
		EE68816F29B7D02C003F4831 /* AnyCardsHelp.html in Resources */ = {isa = PBXBuildFile; fileRef = EE68816E29B7D02C003F4831 /* AnyCardsHelp.html */; };
		EE71CA6029E448F900BEC774 /* SavedSetups.swift in Sources */ = {isa = PBXBuildFile; fileRef = EE71CA5F29E448F900BEC774 /* SavedSetups.swift */; };
		EE90290A26DEDF7A00F87FF8 /* GridBox.swift in Sources */ = {isa = PBXBuildFile; fileRef = EE9028FB26DEDF7A00F87FF8 /* GridBox.swift */; };
		EE90290B26DEDF7A00F87FF8 /* PlayingState.swift in Sources */ = {isa = PBXBuildFile; fileRef = EE9028FC26DEDF7A00F87FF8 /* PlayingState.swift */; };
		EE90290C26DEDF7A00F87FF8 /* Base.lproj in Resources */ = {isa = PBXBuildFile; fileRef = EE9028FD26DEDF7A00F87FF8 /* Base.lproj */; };
		EE90290D26DEDF7A00F87FF8 /* Player.swift in Sources */ = {isa = PBXBuildFile; fileRef = EE9028FE26DEDF7A00F87FF8 /* Player.swift */; };
		EE90290E26DEDF7A00F87FF8 /* Assets.xcassets in Resources */ = {isa = PBXBuildFile; fileRef = EE9028FF26DEDF7A00F87FF8 /* Assets.xcassets */; };
		EE90290F26DEDF7A00F87FF8 /* Card.swift in Sources */ = {isa = PBXBuildFile; fileRef = EE90290026DEDF7A00F87FF8 /* Card.swift */; };
		EE90291026DEDF7A00F87FF8 /* Constants.swift in Sources */ = {isa = PBXBuildFile; fileRef = EE90290126DEDF7A00F87FF8 /* Constants.swift */; };
		EE90291326DEDF7A00F87FF8 /* Deck.swift in Sources */ = {isa = PBXBuildFile; fileRef = EE90290426DEDF7A00F87FF8 /* Deck.swift */; };
/* End PBXBuildFile section */

/* Begin PBXFileReference section */
		280065C12BD94B2E003A520D /* anyCards.entitlements */ = {isa = PBXFileReference; lastKnownFileType = text.plist.entitlements; path = anyCards.entitlements; sourceTree = "<group>"; };
		280065C22BD94BCD003A520D /* Auth0.plist */ = {isa = PBXFileReference; fileEncoding = 4; lastKnownFileType = text.plist.xml; path = Auth0.plist; sourceTree = "<group>"; };
		280065C42BD962E1003A520D /* Auth0TokenProvider.swift */ = {isa = PBXFileReference; lastKnownFileType = sourcecode.swift; path = Auth0TokenProvider.swift; sourceTree = "<group>"; };
		281EE3882C4B101400750B72 /* Base */ = {isa = PBXFileReference; lastKnownFileType = file.storyboard; name = Base; path = anyCards/Base.lproj/LaunchScreen.storyboard; sourceTree = "<group>"; };
		281F052B2CC2F292002772D4 /* AnyCardsGameHandle.swift */ = {isa = PBXFileReference; lastKnownFileType = sourcecode.swift; path = AnyCardsGameHandle.swift; sourceTree = "<group>"; };
		281F052D2CC2FA26002772D4 /* AnyCardsSetup.swift */ = {isa = PBXFileReference; lastKnownFileType = sourcecode.swift; path = AnyCardsSetup.swift; sourceTree = "<group>"; };
		286629AF2CDA619B00D10656 /* SetupControls.swift */ = {isa = PBXFileReference; lastKnownFileType = sourcecode.swift; path = SetupControls.swift; sourceTree = "<group>"; };
		286629B12CDEAB6100D10656 /* DealDialog.swift */ = {isa = PBXFileReference; lastKnownFileType = sourcecode.swift; path = DealDialog.swift; sourceTree = "<group>"; };
		28D17EFA2CE39D9100CDFBFF /* SavedSetupsView.swift */ = {isa = PBXFileReference; lastKnownFileType = sourcecode.swift; path = SavedSetupsView.swift; sourceTree = "<group>"; };
		28E25B7E2CF22AAA005BF16E /* AppDelegate.swift */ = {isa = PBXFileReference; lastKnownFileType = sourcecode.swift; path = AppDelegate.swift; sourceTree = "<group>"; };
		28E25B802CF260E2005BF16E /* GridBoxMenu.swift */ = {isa = PBXFileReference; lastKnownFileType = sourcecode.swift; path = GridBoxMenu.swift; sourceTree = "<group>"; };
		28F991C82CC2BFF600C87791 /* AnyCardsApp.swift */ = {isa = PBXFileReference; lastKnownFileType = sourcecode.swift; path = AnyCardsApp.swift; sourceTree = "<group>"; };
		28FE44832CC53A5100477C74 /* PlayingSurface.swift */ = {isa = PBXFileReference; lastKnownFileType = sourcecode.swift; path = PlayingSurface.swift; sourceTree = "<group>"; };
		28FE44852CC53CD200477C74 /* AnyCardsPlaying.swift */ = {isa = PBXFileReference; lastKnownFileType = sourcecode.swift; path = AnyCardsPlaying.swift; sourceTree = "<group>"; };
		EE68816B29B7CFBF003F4831 /* anyCards.xcodeproj */ = {isa = PBXFileReference; lastKnownFileType = "wrapper.pb-project"; path = anyCards.xcodeproj; sourceTree = SOURCE_ROOT; };
		EE68816E29B7D02C003F4831 /* AnyCardsHelp.html */ = {isa = PBXFileReference; fileEncoding = 4; lastKnownFileType = text.html; path = AnyCardsHelp.html; sourceTree = SOURCE_ROOT; };
		EE71CA5F29E448F900BEC774 /* SavedSetups.swift */ = {isa = PBXFileReference; lastKnownFileType = sourcecode.swift; path = SavedSetups.swift; sourceTree = "<group>"; };
		EE9028E526DE962400F87FF8 /* anyCards.app */ = {isa = PBXFileReference; explicitFileType = wrapper.application; includeInIndex = 0; path = anyCards.app; sourceTree = BUILT_PRODUCTS_DIR; };
		EE9028EC26DE962700F87FF8 /* Assets.xcassets */ = {isa = PBXFileReference; lastKnownFileType = folder.assetcatalog; path = Assets.xcassets; sourceTree = "<group>"; };
		EE9028F126DE962700F87FF8 /* Info.plist */ = {isa = PBXFileReference; lastKnownFileType = text.plist.xml; path = Info.plist; sourceTree = "<group>"; };
		EE9028FB26DEDF7A00F87FF8 /* GridBox.swift */ = {isa = PBXFileReference; fileEncoding = 4; lastKnownFileType = sourcecode.swift; path = GridBox.swift; sourceTree = "<group>"; };
		EE9028FC26DEDF7A00F87FF8 /* PlayingState.swift */ = {isa = PBXFileReference; fileEncoding = 4; lastKnownFileType = sourcecode.swift; path = PlayingState.swift; sourceTree = "<group>"; };
		EE9028FD26DEDF7A00F87FF8 /* Base.lproj */ = {isa = PBXFileReference; lastKnownFileType = folder; path = Base.lproj; sourceTree = "<group>"; };
		EE9028FE26DEDF7A00F87FF8 /* Player.swift */ = {isa = PBXFileReference; fileEncoding = 4; lastKnownFileType = sourcecode.swift; path = Player.swift; sourceTree = "<group>"; };
		EE9028FF26DEDF7A00F87FF8 /* Assets.xcassets */ = {isa = PBXFileReference; lastKnownFileType = folder.assetcatalog; path = Assets.xcassets; sourceTree = "<group>"; };
		EE90290026DEDF7A00F87FF8 /* Card.swift */ = {isa = PBXFileReference; fileEncoding = 4; lastKnownFileType = sourcecode.swift; path = Card.swift; sourceTree = "<group>"; };
		EE90290126DEDF7A00F87FF8 /* Constants.swift */ = {isa = PBXFileReference; fileEncoding = 4; lastKnownFileType = sourcecode.swift; path = Constants.swift; sourceTree = "<group>"; };
		EE90290426DEDF7A00F87FF8 /* Deck.swift */ = {isa = PBXFileReference; fileEncoding = 4; lastKnownFileType = sourcecode.swift; path = Deck.swift; sourceTree = "<group>"; };
/* End PBXFileReference section */

/* Begin PBXFrameworksBuildPhase section */
		EE9028E226DE962400F87FF8 /* Frameworks */ = {
			isa = PBXFrameworksBuildPhase;
			buildActionMask = 2147483647;
			files = (
				286629AE2CD9609800D10656 /* CBORCoding in Frameworks */,
				28E25B7C2CE79FD9005BF16E /* unigame in Frameworks */,
				281F052A2CC2E3FB002772D4 /* Auth0 in Frameworks */,
				28E25B792CE79FB0005BF16E /* AuerbachLook in Frameworks */,
			);
			runOnlyForDeploymentPostprocessing = 0;
		};
/* End PBXFrameworksBuildPhase section */

/* Begin PBXGroup section */
		28D17EFD2CE79B2500CDFBFF /* Frameworks */ = {
			isa = PBXGroup;
			children = (
			);
			name = Frameworks;
			sourceTree = "<group>";
		};
		EE68816C29B7CFBF003F4831 /* Products */ = {
			isa = PBXGroup;
			name = Products;
			sourceTree = "<group>";
		};
		EE9028DC26DE962400F87FF8 = {
			isa = PBXGroup;
			children = (
				281EE3872C4B101400750B72 /* LaunchScreen.storyboard */,
				EE9028E726DE962400F87FF8 /* anyCards */,
				28D17EFD2CE79B2500CDFBFF /* Frameworks */,
				EE9028E626DE962400F87FF8 /* Products */,
			);
			sourceTree = "<group>";
		};
		EE9028E626DE962400F87FF8 /* Products */ = {
			isa = PBXGroup;
			children = (
				EE9028E526DE962400F87FF8 /* anyCards.app */,
			);
			name = Products;
			sourceTree = "<group>";
		};
		EE9028E726DE962400F87FF8 /* anyCards */ = {
			isa = PBXGroup;
			children = (
				280065C12BD94B2E003A520D /* anyCards.entitlements */,
				EE68816E29B7D02C003F4831 /* AnyCardsHelp.html */,
				EE9028FD26DEDF7A00F87FF8 /* Base.lproj */,
				280065C22BD94BCD003A520D /* Auth0.plist */,
				EE9028F126DE962700F87FF8 /* Info.plist */,
				28F991C82CC2BFF600C87791 /* AnyCardsApp.swift */,
				281F052B2CC2F292002772D4 /* AnyCardsGameHandle.swift */,
				28FE44852CC53CD200477C74 /* AnyCardsPlaying.swift */,
				281F052D2CC2FA26002772D4 /* AnyCardsSetup.swift */,
				28E25B7E2CF22AAA005BF16E /* AppDelegate.swift */,
				280065C42BD962E1003A520D /* Auth0TokenProvider.swift */,
				EE90290026DEDF7A00F87FF8 /* Card.swift */,
				EE90290126DEDF7A00F87FF8 /* Constants.swift */,
				286629B12CDEAB6100D10656 /* DealDialog.swift */,
				EE90290426DEDF7A00F87FF8 /* Deck.swift */,
				28E25B802CF260E2005BF16E /* GridBoxMenu.swift */,
				EE9028FB26DEDF7A00F87FF8 /* GridBox.swift */,
				EE9028FE26DEDF7A00F87FF8 /* Player.swift */,
				EE9028FC26DEDF7A00F87FF8 /* PlayingState.swift */,
				28FE44832CC53A5100477C74 /* PlayingSurface.swift */,
				EE71CA5F29E448F900BEC774 /* SavedSetups.swift */,
				28D17EFA2CE39D9100CDFBFF /* SavedSetupsView.swift */,
				286629AF2CDA619B00D10656 /* SetupControls.swift */,
				EE9028FF26DEDF7A00F87FF8 /* Assets.xcassets */,
				EE9028EC26DE962700F87FF8 /* Assets.xcassets */,
				EE68816B29B7CFBF003F4831 /* anyCards.xcodeproj */,
			);
			path = anyCards;
			sourceTree = "<group>";
		};
/* End PBXGroup section */

/* Begin PBXNativeTarget section */
		EE9028E426DE962400F87FF8 /* anyCards */ = {
			isa = PBXNativeTarget;
			buildConfigurationList = EE9028F426DE962700F87FF8 /* Build configuration list for PBXNativeTarget "anyCards" */;
			buildPhases = (
				EE9028E126DE962400F87FF8 /* Sources */,
				EE9028E226DE962400F87FF8 /* Frameworks */,
				EE9028E326DE962400F87FF8 /* Resources */,
			);
			buildRules = (
			);
			dependencies = (
			);
			name = anyCards;
			packageProductDependencies = (
				281F05292CC2E3FB002772D4 /* Auth0 */,
				286629AD2CD9609800D10656 /* CBORCoding */,
				28E25B782CE79FB0005BF16E /* AuerbachLook */,
				28E25B7B2CE79FD9005BF16E /* unigame */,
			);
			productName = anyCards;
			productReference = EE9028E526DE962400F87FF8 /* anyCards.app */;
			productType = "com.apple.product-type.application";
		};
/* End PBXNativeTarget section */

/* Begin PBXProject section */
		EE9028DD26DE962400F87FF8 /* Project object */ = {
			isa = PBXProject;
			attributes = {
				BuildIndependentTargetsInParallel = YES;
				LastSwiftUpdateCheck = 1250;
				LastUpgradeCheck = 1610;
				TargetAttributes = {
					EE9028E426DE962400F87FF8 = {
						CreatedOnToolsVersion = 12.5.1;
						LastSwiftMigration = 1250;
					};
				};
			};
			buildConfigurationList = EE9028E026DE962400F87FF8 /* Build configuration list for PBXProject "anyCards" */;
			compatibilityVersion = "Xcode 9.3";
			developmentRegion = en;
			hasScannedForEncodings = 0;
			knownRegions = (
				en,
				Base,
			);
			mainGroup = EE9028DC26DE962400F87FF8;
			packageReferences = (
				281F05282CC2E3FB002772D4 /* XCRemoteSwiftPackageReference "Auth0" */,
				286629AC2CD9609800D10656 /* XCRemoteSwiftPackageReference "CBORCoding" */,
				28E25B772CE79FB0005BF16E /* XCRemoteSwiftPackageReference "auerbachLook" */,
				28E25B7A2CE79FD9005BF16E /* XCRemoteSwiftPackageReference "unigame" */,
			);
			productRefGroup = EE9028E626DE962400F87FF8 /* Products */;
			projectDirPath = "";
			projectReferences = (
				{
					ProductGroup = EE68816C29B7CFBF003F4831 /* Products */;
					ProjectRef = EE68816B29B7CFBF003F4831 /* anyCards.xcodeproj */;
				},
			);
			projectRoot = "";
			targets = (
				EE9028E426DE962400F87FF8 /* anyCards */,
			);
		};
/* End PBXProject section */

/* Begin PBXResourcesBuildPhase section */
		EE9028E326DE962400F87FF8 /* Resources */ = {
			isa = PBXResourcesBuildPhase;
			buildActionMask = 2147483647;
			files = (
				EE90290C26DEDF7A00F87FF8 /* Base.lproj in Resources */,
				281EE3892C4B101400750B72 /* LaunchScreen.storyboard in Resources */,
				EE68816F29B7D02C003F4831 /* AnyCardsHelp.html in Resources */,
				EE90290E26DEDF7A00F87FF8 /* Assets.xcassets in Resources */,
				280065C32BD94BCD003A520D /* Auth0.plist in Resources */,
			);
			runOnlyForDeploymentPostprocessing = 0;
		};
/* End PBXResourcesBuildPhase section */

/* Begin PBXSourcesBuildPhase section */
		EE9028E126DE962400F87FF8 /* Sources */ = {
			isa = PBXSourcesBuildPhase;
			buildActionMask = 2147483647;
			files = (
				281F052E2CC2FA26002772D4 /* AnyCardsSetup.swift in Sources */,
				280065C52BD962E1003A520D /* Auth0TokenProvider.swift in Sources */,
				28E25B812CF260E2005BF16E /* GridBoxMenu.swift in Sources */,
				28D17EFB2CE39D9100CDFBFF /* SavedSetupsView.swift in Sources */,
				28F991C92CC2BFF600C87791 /* AnyCardsApp.swift in Sources */,
				28FE44842CC53A5100477C74 /* PlayingSurface.swift in Sources */,
				EE71CA6029E448F900BEC774 /* SavedSetups.swift in Sources */,
				EE90291326DEDF7A00F87FF8 /* Deck.swift in Sources */,
				286629B22CDEAB6100D10656 /* DealDialog.swift in Sources */,
				EE90290F26DEDF7A00F87FF8 /* Card.swift in Sources */,
				281F052C2CC2F292002772D4 /* AnyCardsGameHandle.swift in Sources */,
				EE90290B26DEDF7A00F87FF8 /* PlayingState.swift in Sources */,
				286629B02CDA619B00D10656 /* SetupControls.swift in Sources */,
				28FE44862CC53CD200477C74 /* AnyCardsPlaying.swift in Sources */,
				EE90290D26DEDF7A00F87FF8 /* Player.swift in Sources */,
				EE90290A26DEDF7A00F87FF8 /* GridBox.swift in Sources */,
				28E25B7F2CF22AAA005BF16E /* AppDelegate.swift in Sources */,
				EE90291026DEDF7A00F87FF8 /* Constants.swift in Sources */,
			);
			runOnlyForDeploymentPostprocessing = 0;
		};
/* End PBXSourcesBuildPhase section */

/* Begin PBXVariantGroup section */
		281EE3872C4B101400750B72 /* LaunchScreen.storyboard */ = {
			isa = PBXVariantGroup;
			children = (
				281EE3882C4B101400750B72 /* Base */,
			);
			name = LaunchScreen.storyboard;
			sourceTree = "<group>";
		};
/* End PBXVariantGroup section */

/* Begin XCBuildConfiguration section */
		EE9028F226DE962700F87FF8 /* Debug */ = {
			isa = XCBuildConfiguration;
			buildSettings = {
				ALWAYS_SEARCH_USER_PATHS = NO;
				CLANG_ANALYZER_NONNULL = YES;
				CLANG_ANALYZER_NUMBER_OBJECT_CONVERSION = YES_AGGRESSIVE;
				CLANG_CXX_LANGUAGE_STANDARD = "gnu++14";
				CLANG_CXX_LIBRARY = "libc++";
				CLANG_ENABLE_MODULES = YES;
				CLANG_ENABLE_OBJC_ARC = YES;
				CLANG_ENABLE_OBJC_WEAK = YES;
				CLANG_WARN_BLOCK_CAPTURE_AUTORELEASING = YES;
				CLANG_WARN_BOOL_CONVERSION = YES;
				CLANG_WARN_COMMA = YES;
				CLANG_WARN_CONSTANT_CONVERSION = YES;
				CLANG_WARN_DEPRECATED_OBJC_IMPLEMENTATIONS = YES;
				CLANG_WARN_DIRECT_OBJC_ISA_USAGE = YES_ERROR;
				CLANG_WARN_DOCUMENTATION_COMMENTS = YES;
				CLANG_WARN_EMPTY_BODY = YES;
				CLANG_WARN_ENUM_CONVERSION = YES;
				CLANG_WARN_INFINITE_RECURSION = YES;
				CLANG_WARN_INT_CONVERSION = YES;
				CLANG_WARN_NON_LITERAL_NULL_CONVERSION = YES;
				CLANG_WARN_OBJC_IMPLICIT_RETAIN_SELF = YES;
				CLANG_WARN_OBJC_LITERAL_CONVERSION = YES;
				CLANG_WARN_OBJC_ROOT_CLASS = YES_ERROR;
				CLANG_WARN_QUOTED_INCLUDE_IN_FRAMEWORK_HEADER = YES;
				CLANG_WARN_RANGE_LOOP_ANALYSIS = YES;
				CLANG_WARN_STRICT_PROTOTYPES = YES;
				CLANG_WARN_SUSPICIOUS_MOVE = YES;
				CLANG_WARN_UNGUARDED_AVAILABILITY = YES_AGGRESSIVE;
				CLANG_WARN_UNREACHABLE_CODE = YES;
				CLANG_WARN__DUPLICATE_METHOD_MATCH = YES;
				COPY_PHASE_STRIP = NO;
				DEBUG_INFORMATION_FORMAT = dwarf;
				ENABLE_STRICT_OBJC_MSGSEND = YES;
				ENABLE_TESTABILITY = YES;
				ENABLE_USER_SCRIPT_SANDBOXING = YES;
				GCC_C_LANGUAGE_STANDARD = gnu11;
				GCC_DYNAMIC_NO_PIC = NO;
				GCC_NO_COMMON_BLOCKS = YES;
				GCC_OPTIMIZATION_LEVEL = 0;
				GCC_PREPROCESSOR_DEFINITIONS = (
					"DEBUG=1",
					"$(inherited)",
				);
				GCC_WARN_64_TO_32_BIT_CONVERSION = YES;
				GCC_WARN_ABOUT_RETURN_TYPE = YES_ERROR;
				GCC_WARN_UNDECLARED_SELECTOR = YES;
				GCC_WARN_UNINITIALIZED_AUTOS = YES_AGGRESSIVE;
				GCC_WARN_UNUSED_FUNCTION = YES;
				GCC_WARN_UNUSED_VARIABLE = YES;
				IPHONEOS_DEPLOYMENT_TARGET = 17.6;
				MTL_ENABLE_DEBUG_INFO = INCLUDE_SOURCE;
				MTL_FAST_MATH = YES;
				ONLY_ACTIVE_ARCH = YES;
				SDKROOT = iphoneos;
				SWIFT_ACTIVE_COMPILATION_CONDITIONS = DEBUG;
				SWIFT_OPTIMIZATION_LEVEL = "-Onone";
			};
			name = Debug;
		};
		EE9028F326DE962700F87FF8 /* Release */ = {
			isa = XCBuildConfiguration;
			buildSettings = {
				ALWAYS_SEARCH_USER_PATHS = NO;
				CLANG_ANALYZER_NONNULL = YES;
				CLANG_ANALYZER_NUMBER_OBJECT_CONVERSION = YES_AGGRESSIVE;
				CLANG_CXX_LANGUAGE_STANDARD = "gnu++14";
				CLANG_CXX_LIBRARY = "libc++";
				CLANG_ENABLE_MODULES = YES;
				CLANG_ENABLE_OBJC_ARC = YES;
				CLANG_ENABLE_OBJC_WEAK = YES;
				CLANG_WARN_BLOCK_CAPTURE_AUTORELEASING = YES;
				CLANG_WARN_BOOL_CONVERSION = YES;
				CLANG_WARN_COMMA = YES;
				CLANG_WARN_CONSTANT_CONVERSION = YES;
				CLANG_WARN_DEPRECATED_OBJC_IMPLEMENTATIONS = YES;
				CLANG_WARN_DIRECT_OBJC_ISA_USAGE = YES_ERROR;
				CLANG_WARN_DOCUMENTATION_COMMENTS = YES;
				CLANG_WARN_EMPTY_BODY = YES;
				CLANG_WARN_ENUM_CONVERSION = YES;
				CLANG_WARN_INFINITE_RECURSION = YES;
				CLANG_WARN_INT_CONVERSION = YES;
				CLANG_WARN_NON_LITERAL_NULL_CONVERSION = YES;
				CLANG_WARN_OBJC_IMPLICIT_RETAIN_SELF = YES;
				CLANG_WARN_OBJC_LITERAL_CONVERSION = YES;
				CLANG_WARN_OBJC_ROOT_CLASS = YES_ERROR;
				CLANG_WARN_QUOTED_INCLUDE_IN_FRAMEWORK_HEADER = YES;
				CLANG_WARN_RANGE_LOOP_ANALYSIS = YES;
				CLANG_WARN_STRICT_PROTOTYPES = YES;
				CLANG_WARN_SUSPICIOUS_MOVE = YES;
				CLANG_WARN_UNGUARDED_AVAILABILITY = YES_AGGRESSIVE;
				CLANG_WARN_UNREACHABLE_CODE = YES;
				CLANG_WARN__DUPLICATE_METHOD_MATCH = YES;
				COPY_PHASE_STRIP = NO;
				DEBUG_INFORMATION_FORMAT = "dwarf-with-dsym";
				ENABLE_NS_ASSERTIONS = NO;
				ENABLE_STRICT_OBJC_MSGSEND = YES;
				ENABLE_USER_SCRIPT_SANDBOXING = YES;
				GCC_C_LANGUAGE_STANDARD = gnu11;
				GCC_NO_COMMON_BLOCKS = YES;
				GCC_WARN_64_TO_32_BIT_CONVERSION = YES;
				GCC_WARN_ABOUT_RETURN_TYPE = YES_ERROR;
				GCC_WARN_UNDECLARED_SELECTOR = YES;
				GCC_WARN_UNINITIALIZED_AUTOS = YES_AGGRESSIVE;
				GCC_WARN_UNUSED_FUNCTION = YES;
				GCC_WARN_UNUSED_VARIABLE = YES;
				IPHONEOS_DEPLOYMENT_TARGET = 17.6;
				MTL_ENABLE_DEBUG_INFO = NO;
				MTL_FAST_MATH = YES;
				SDKROOT = iphoneos;
				SWIFT_COMPILATION_MODE = wholemodule;
				SWIFT_OPTIMIZATION_LEVEL = "-O";
				VALIDATE_PRODUCT = YES;
			};
			name = Release;
		};
		EE9028F526DE962700F87FF8 /* Debug */ = {
			isa = XCBuildConfiguration;
			buildSettings = {
				ASSETCATALOG_COMPILER_APPICON_NAME = AppIcon;
				ASSETCATALOG_COMPILER_GLOBAL_ACCENT_COLOR_NAME = AccentColor;
				CLANG_ENABLE_MODULES = YES;
				CODE_SIGN_ENTITLEMENTS = anyCards/anyCards.entitlements;
				CODE_SIGN_IDENTITY = "Apple Development";
				CODE_SIGN_STYLE = Automatic;
				CURRENT_PROJECT_VERSION = 8;
				DEVELOPMENT_ASSET_PATHS = "";
				DEVELOPMENT_TEAM = 5A8RHYSHFN;
				ENABLE_PREVIEWS = YES;
				INFOPLIST_FILE = anyCards/Info.plist;
				IPHONEOS_DEPLOYMENT_TARGET = 17.0;
				LD_RUNPATH_SEARCH_PATHS = (
					"$(inherited)",
					"@executable_path/Frameworks",
				);
				MARKETING_VERSION = 1.0;
				PRODUCT_BUNDLE_IDENTIFIER = com.jsauerbach.anyCards;
				PRODUCT_NAME = "$(TARGET_NAME)";
				PROVISIONING_PROFILE_SPECIFIER = "";
				SUPPORTED_PLATFORMS = "iphoneos iphonesimulator";
				SUPPORTS_MACCATALYST = NO;
				SUPPORTS_MAC_DESIGNED_FOR_IPHONE_IPAD = YES;
				SWIFT_OPTIMIZATION_LEVEL = "-Onone";
				SWIFT_VERSION = 5.0;
				TARGETED_DEVICE_FAMILY = "1,2";
			};
			name = Debug;
		};
		EE9028F626DE962700F87FF8 /* Release */ = {
			isa = XCBuildConfiguration;
			buildSettings = {
				ASSETCATALOG_COMPILER_APPICON_NAME = AppIcon;
				ASSETCATALOG_COMPILER_GLOBAL_ACCENT_COLOR_NAME = AccentColor;
				CLANG_ENABLE_MODULES = YES;
				CODE_SIGN_ENTITLEMENTS = anyCards/anyCards.entitlements;
				CODE_SIGN_IDENTITY = "Apple Development";
				CODE_SIGN_STYLE = Automatic;
				CURRENT_PROJECT_VERSION = 8;
				DEVELOPMENT_ASSET_PATHS = "";
				DEVELOPMENT_TEAM = 5A8RHYSHFN;
				ENABLE_PREVIEWS = YES;
				INFOPLIST_FILE = anyCards/Info.plist;
				IPHONEOS_DEPLOYMENT_TARGET = 17.0;
				LD_RUNPATH_SEARCH_PATHS = (
					"$(inherited)",
					"@executable_path/Frameworks",
				);
				MARKETING_VERSION = 1.0;
				PRODUCT_BUNDLE_IDENTIFIER = com.jsauerbach.anyCards;
				PRODUCT_NAME = "$(TARGET_NAME)";
				PROVISIONING_PROFILE_SPECIFIER = "";
				SUPPORTED_PLATFORMS = "iphoneos iphonesimulator";
				SUPPORTS_MACCATALYST = NO;
				SUPPORTS_MAC_DESIGNED_FOR_IPHONE_IPAD = YES;
				SWIFT_VERSION = 5.0;
				TARGETED_DEVICE_FAMILY = "1,2";
			};
			name = Release;
		};
/* End XCBuildConfiguration section */

/* Begin XCConfigurationList section */
		EE9028E026DE962400F87FF8 /* Build configuration list for PBXProject "anyCards" */ = {
			isa = XCConfigurationList;
			buildConfigurations = (
				EE9028F226DE962700F87FF8 /* Debug */,
				EE9028F326DE962700F87FF8 /* Release */,
			);
			defaultConfigurationIsVisible = 0;
			defaultConfigurationName = Release;
		};
		EE9028F426DE962700F87FF8 /* Build configuration list for PBXNativeTarget "anyCards" */ = {
			isa = XCConfigurationList;
			buildConfigurations = (
				EE9028F526DE962700F87FF8 /* Debug */,
				EE9028F626DE962700F87FF8 /* Release */,
			);
			defaultConfigurationIsVisible = 0;
			defaultConfigurationName = Release;
		};
/* End XCConfigurationList section */

/* Begin XCRemoteSwiftPackageReference section */
		281F05282CC2E3FB002772D4 /* XCRemoteSwiftPackageReference "Auth0" */ = {
			isa = XCRemoteSwiftPackageReference;
			repositoryURL = "https://github.com/auth0/Auth0.swift";
			requirement = {
				kind = upToNextMajorVersion;
				minimumVersion = 2.10.0;
			};
		};
		286629AC2CD9609800D10656 /* XCRemoteSwiftPackageReference "CBORCoding" */ = {
			isa = XCRemoteSwiftPackageReference;
			repositoryURL = "https://github.com/SomeRandomiOSDev/CBORCoding";
			requirement = {
				kind = upToNextMajorVersion;
				minimumVersion = 1.4.0;
			};
		};
		28E25B772CE79FB0005BF16E /* XCRemoteSwiftPackageReference "auerbachLook" */ = {
			isa = XCRemoteSwiftPackageReference;
			repositoryURL = "https://github.com/joshuaauerbachwatson/auerbachLook.git";
			requirement = {
				branch = main;
				kind = branch;
			};
		};
		28E25B7A2CE79FD9005BF16E /* XCRemoteSwiftPackageReference "unigame" */ = {
			isa = XCRemoteSwiftPackageReference;
			repositoryURL = "https://github.com/joshuaauerbachwatson/unigame.git";
			requirement = {
				branch = main;
				kind = branch;
			};
		};
/* End XCRemoteSwiftPackageReference section */

/* Begin XCSwiftPackageProductDependency section */
		281F05292CC2E3FB002772D4 /* Auth0 */ = {
			isa = XCSwiftPackageProductDependency;
			package = 281F05282CC2E3FB002772D4 /* XCRemoteSwiftPackageReference "Auth0" */;
			productName = Auth0;
		};
		286629AD2CD9609800D10656 /* CBORCoding */ = {
			isa = XCSwiftPackageProductDependency;
			package = 286629AC2CD9609800D10656 /* XCRemoteSwiftPackageReference "CBORCoding" */;
			productName = CBORCoding;
		};
		28E25B782CE79FB0005BF16E /* AuerbachLook */ = {
			isa = XCSwiftPackageProductDependency;
			package = 28E25B772CE79FB0005BF16E /* XCRemoteSwiftPackageReference "auerbachLook" */;
			productName = AuerbachLook;
		};
		28E25B7B2CE79FD9005BF16E /* unigame */ = {
			isa = XCSwiftPackageProductDependency;
			package = 28E25B7A2CE79FD9005BF16E /* XCRemoteSwiftPackageReference "unigame" */;
			productName = unigame;
		};
/* End XCSwiftPackageProductDependency section */
	};
	rootObject = EE9028DD26DE962400F87FF8 /* Project object */;
}
